
Microsoft Visual Studio Solution File, Format Version 12.00
# Visual Studio Version 17
VisualStudioVersion = 17.1.32407.343
MinimumVisualStudioVersion = 10.0.40219.1
Project("{FAE04EC0-301F-11D3-BF4B-00C04F79EFBC}") = "Enumerables", "Enumerables\Enumerables.csproj", "{682570F6-11F2-439F-9189-C15625117D8A}"
EndProject
Global
	GlobalSection(SolutionConfigurationPlatforms) = preSolution
		Debug|Any CPU = Debug|Any CPU
		Release|Any CPU = Release|Any CPU
	EndGlobalSection
	GlobalSection(ProjectConfigurationPlatforms) = postSolution
		{682570F6-11F2-439F-9189-C15625117D8A}.Debug|Any CPU.ActiveCfg = Debug|Any CPU
		{682570F6-11F2-439F-9189-C15625117D8A}.Debug|Any CPU.Build.0 = Debug|Any CPU
		{682570F6-11F2-439F-9189-C15625117D8A}.Release|Any CPU.ActiveCfg = Release|Any CPU
		{682570F6-11F2-439F-9189-C15625117D8A}.Release|Any CPU.Build.0 = Release|Any CPU
	EndGlobalSection
	GlobalSection(SolutionProperties) = preSolution
		HideSolutionNode = FALSE
	EndGlobalSection
	GlobalSection(ExtensibilityGlobals) = postSolution
		SolutionGuid = {21AA4BBB-21C3-4485-82D0-C419244F70EF}
	EndGlobalSection
EndGlobal
